{
    "_readme": [
        "This file locks the dependencies of your project to a known state",
        "Read more about it at https://getcomposer.org/doc/01-basic-usage.md#installing-dependencies",
        "This file is @generated automatically"
    ],
    "content-hash": "e8caed284cd5ca8da2de13e03a9ab7af",
    "packages": [
        {
            "name": "adhocore/json-comment",
            "version": "1.2.1",
            "source": {
                "type": "git",
                "url": "https://github.com/adhocore/php-json-comment.git",
                "reference": "651023f9fe52e9efa2198cbaf6e481d1968e2377"
            },
            "dist": {
                "type": "zip",
                "url": "https://api.github.com/repos/adhocore/php-json-comment/zipball/651023f9fe52e9efa2198cbaf6e481d1968e2377",
                "reference": "651023f9fe52e9efa2198cbaf6e481d1968e2377",
                "shasum": ""
            },
            "require": {
                "ext-ctype": "*",
                "php": ">=7.0"
            },
            "require-dev": {
                "phpunit/phpunit": "^6.5 || ^7.5 || ^8.5"
            },
            "type": "library",
            "autoload": {
                "psr-4": {
                    "Ahc\\Json\\": "src/"
                }
            },
            "notification-url": "https://packagist.org/downloads/",
            "license": [
                "MIT"
            ],
            "authors": [
                {
                    "name": "Jitendra Adhikari",
                    "email": "jiten.adhikary@gmail.com"
                }
            ],
            "description": "Lightweight JSON comment stripper library for PHP",
            "keywords": [
                "comment",
                "json",
                "strip-comment"
            ],
            "support": {
                "issues": "https://github.com/adhocore/php-json-comment/issues",
                "source": "https://github.com/adhocore/php-json-comment/tree/1.2.1"
            },
            "funding": [
                {
                    "url": "https://paypal.me/ji10",
                    "type": "custom"
                },
                {
                    "url": "https://github.com/adhocore",
                    "type": "github"
                }
            ],
            "time": "2022-10-02T11:22:07+00:00"
        },
        {
            "name": "brick/math",
            "version": "0.14.0",
            "source": {
                "type": "git",
                "url": "https://github.com/brick/math.git",
                "reference": "113a8ee2656b882d4c3164fa31aa6e12cbb7aaa2"
            },
            "dist": {
                "type": "zip",
                "url": "https://api.github.com/repos/brick/math/zipball/113a8ee2656b882d4c3164fa31aa6e12cbb7aaa2",
                "reference": "113a8ee2656b882d4c3164fa31aa6e12cbb7aaa2",
                "shasum": ""
            },
            "require": {
                "php": "^8.2"
            },
            "require-dev": {
                "php-coveralls/php-coveralls": "^2.2",
                "phpstan/phpstan": "2.1.22",
                "phpunit/phpunit": "^11.5"
            },
            "type": "library",
            "autoload": {
                "psr-4": {
                    "Brick\\Math\\": "src/"
                }
            },
            "notification-url": "https://packagist.org/downloads/",
            "license": [
                "MIT"
            ],
            "description": "Arbitrary-precision arithmetic library",
            "keywords": [
                "Arbitrary-precision",
                "BigInteger",
                "BigRational",
                "arithmetic",
                "bigdecimal",
                "bignum",
                "bignumber",
                "brick",
                "decimal",
                "integer",
                "math",
                "mathematics",
                "rational"
            ],
            "support": {
                "issues": "https://github.com/brick/math/issues",
                "source": "https://github.com/brick/math/tree/0.14.0"
            },
            "funding": [
                {
                    "url": "https://github.com/BenMorel",
                    "type": "github"
                }
            ],
            "time": "2025-08-29T12:40:03+00:00"
        },
        {
            "name": "muqsit/invmenu",
            "version": "4.7.3",
            "source": {
                "type": "git",
                "url": "https://github.com/Muqsit/InvMenu.git",
                "reference": "d2dc7f2219fb5306416c144d4a774883efa82da7"
            },
            "dist": {
                "type": "zip",
                "url": "https://api.github.com/repos/Muqsit/InvMenu/zipball/d2dc7f2219fb5306416c144d4a774883efa82da7",
                "reference": "d2dc7f2219fb5306416c144d4a774883efa82da7",
                "shasum": ""
            },
            "require": {
                "pocketmine/pocketmine-mp": "^5.0.0"
            },
            "type": "library",
            "extra": {
                "virion": {
                    "spec": "3.0",
                    "namespace-root": "muqsit\\invmenu"
                }
            },
            "autoload": {
                "classmap": [
                    "src"
                ]
            },
            "notification-url": "https://packagist.org/downloads/",
            "license": [
                "GPL-3.0"
            ],
            "authors": [
                {
                    "name": "Muqsit",
                    "email": "hackhack05@gmail.com"
                }
            ],
            "description": "A PocketMine-MP virion to create and manage virtual inventories!",
            "support": {
                "issues": "https://github.com/Muqsit/InvMenu/issues",
                "source": "https://github.com/Muqsit/InvMenu/tree/4.7.3"
            },
            "time": "2025-08-21T06:08:23+00:00"
        },
        {
            "name": "netresearch/jsonmapper",
            "version": "v5.0.0",
            "source": {
                "type": "git",
                "url": "https://github.com/cweiske/jsonmapper.git",
                "reference": "8c64d8d444a5d764c641ebe97e0e3bc72b25bf6c"
            },
            "dist": {
                "type": "zip",
                "url": "https://api.github.com/repos/cweiske/jsonmapper/zipball/8c64d8d444a5d764c641ebe97e0e3bc72b25bf6c",
                "reference": "8c64d8d444a5d764c641ebe97e0e3bc72b25bf6c",
                "shasum": ""
            },
            "require": {
                "ext-json": "*",
                "ext-pcre": "*",
                "ext-reflection": "*",
                "ext-spl": "*",
                "php": ">=7.1"
            },
            "require-dev": {
                "phpunit/phpunit": "~7.5 || ~8.0 || ~9.0 || ~10.0",
                "squizlabs/php_codesniffer": "~3.5"
            },
            "type": "library",
            "autoload": {
                "psr-0": {
                    "JsonMapper": "src/"
                }
            },
            "notification-url": "https://packagist.org/downloads/",
            "license": [
                "OSL-3.0"
            ],
            "authors": [
                {
                    "name": "Christian Weiske",
                    "email": "cweiske@cweiske.de",
                    "homepage": "http://github.com/cweiske/jsonmapper/",
                    "role": "Developer"
                }
            ],
            "description": "Map nested JSON structures onto PHP classes",
            "support": {
                "email": "cweiske@cweiske.de",
                "issues": "https://github.com/cweiske/jsonmapper/issues",
                "source": "https://github.com/cweiske/jsonmapper/tree/v5.0.0"
            },
            "time": "2024-09-08T10:20:00+00:00"
        },
        {
            "name": "pocketmine/bedrock-block-upgrade-schema",
            "version": "5.2.0",
            "source": {
                "type": "git",
                "url": "https://github.com/pmmp/BedrockBlockUpgradeSchema.git",
                "reference": "5d7889c9a1cdf9e3cd814d2a104ad69b75116ec7"
            },
            "dist": {
                "type": "zip",
                "url": "https://api.github.com/repos/pmmp/BedrockBlockUpgradeSchema/zipball/5d7889c9a1cdf9e3cd814d2a104ad69b75116ec7",
                "reference": "5d7889c9a1cdf9e3cd814d2a104ad69b75116ec7",
                "shasum": ""
            },
            "type": "library",
            "notification-url": "https://packagist.org/downloads/",
            "license": [
                "CC0-1.0"
            ],
            "description": "Schemas describing how to upgrade saved block data in older Minecraft: Bedrock Edition world saves",
            "support": {
                "issues": "https://github.com/pmmp/BedrockBlockUpgradeSchema/issues",
                "source": "https://github.com/pmmp/BedrockBlockUpgradeSchema/tree/5.2.0"
            },
            "time": "2025-10-02T13:22:10+00:00"
        },
        {
            "name": "pocketmine/bedrock-data",
            "version": "6.2.0+bedrock-1.21.120",
            "source": {
                "type": "git",
                "url": "https://github.com/pmmp/BedrockData.git",
                "reference": "f186e363ac8abbc3242481cad59ae620549dc709"
            },
            "dist": {
                "type": "zip",
                "url": "https://api.github.com/repos/pmmp/BedrockData/zipball/f186e363ac8abbc3242481cad59ae620549dc709",
                "reference": "f186e363ac8abbc3242481cad59ae620549dc709",
                "shasum": ""
            },
            "type": "library",
            "notification-url": "https://packagist.org/downloads/",
            "license": [
                "CC0-1.0"
            ],
            "description": "Blobs of data generated from Minecraft: Bedrock Edition, used by PocketMine-MP",
            "support": {
                "issues": "https://github.com/pmmp/BedrockData/issues",
                "source": "https://github.com/pmmp/BedrockData/tree/bedrock-1.21.120"
            },
            "time": "2025-10-28T22:15:22+00:00"
        },
        {
            "name": "pocketmine/bedrock-item-upgrade-schema",
            "version": "1.16.0",
            "source": {
                "type": "git",
                "url": "https://github.com/pmmp/BedrockItemUpgradeSchema.git",
                "reference": "8c48ceaa72d390e89c4dbff9542aa4dfa734057d"
            },
            "dist": {
                "type": "zip",
                "url": "https://api.github.com/repos/pmmp/BedrockItemUpgradeSchema/zipball/8c48ceaa72d390e89c4dbff9542aa4dfa734057d",
                "reference": "8c48ceaa72d390e89c4dbff9542aa4dfa734057d",
                "shasum": ""
            },
            "type": "library",
            "notification-url": "https://packagist.org/downloads/",
            "license": [
                "CC0-1.0"
            ],
            "description": "JSON schemas for upgrading items found in older Minecraft: Bedrock world saves",
            "support": {
                "issues": "https://github.com/pmmp/BedrockItemUpgradeSchema/issues",
                "source": "https://github.com/pmmp/BedrockItemUpgradeSchema/tree/1.16.0"
            },
            "time": "2025-10-02T13:22:32+00:00"
        },
        {
            "name": "pocketmine/bedrock-protocol",
            "version": "53.1.0+bedrock-1.21.120",
            "source": {
                "type": "git",
                "url": "https://github.com/pmmp/BedrockProtocol.git",
                "reference": "16a2fa153e93aec4388c89ccf6a7e5202e66afcb"
            },
            "dist": {
                "type": "zip",
                "url": "https://api.github.com/repos/pmmp/BedrockProtocol/zipball/16a2fa153e93aec4388c89ccf6a7e5202e66afcb",
                "reference": "16a2fa153e93aec4388c89ccf6a7e5202e66afcb",
                "shasum": ""
            },
            "require": {
                "ext-encoding": "~1.0.0",
                "ext-json": "*",
                "php": "^8.1",
                "pocketmine/binaryutils": "^0.2.0",
                "pocketmine/color": "^0.2.0 || ^0.3.0",
                "pocketmine/math": "^0.3.0 || ^0.4.0 || ^1.0.0",
                "pocketmine/nbt": "^1.0.0",
                "ramsey/uuid": "^4.1"
            },
            "require-dev": {
                "phpstan/phpstan": "2.1.0",
                "phpstan/phpstan-phpunit": "^2.0.0",
                "phpstan/phpstan-strict-rules": "^2.0.0",
                "phpunit/phpunit": "^9.5 || ^10.0 || ^11.0"
            },
            "type": "library",
            "autoload": {
                "psr-4": {
                    "pocketmine\\network\\mcpe\\protocol\\": "src/"
                }
            },
            "notification-url": "https://packagist.org/downloads/",
            "license": [
                "LGPL-3.0"
            ],
            "description": "An implementation of the Minecraft: Bedrock Edition protocol in PHP",
            "support": {
                "issues": "https://github.com/pmmp/BedrockProtocol/issues",
                "source": "https://github.com/pmmp/BedrockProtocol/tree/53.1.0+bedrock-1.21.120"
            },
            "time": "2025-11-03T20:07:57+00:00"
        },
        {
            "name": "pocketmine/binaryutils",
            "version": "0.2.6",
            "source": {
                "type": "git",
                "url": "https://github.com/pmmp/BinaryUtils.git",
                "reference": "ccfc1899b859d45814ea3592e20ebec4cb731c84"
            },
            "dist": {
                "type": "zip",
                "url": "https://api.github.com/repos/pmmp/BinaryUtils/zipball/ccfc1899b859d45814ea3592e20ebec4cb731c84",
                "reference": "ccfc1899b859d45814ea3592e20ebec4cb731c84",
                "shasum": ""
            },
            "require": {
                "php": "^7.4 || ^8.0",
                "php-64bit": "*"
            },
            "require-dev": {
                "phpstan/extension-installer": "^1.0",
                "phpstan/phpstan": "~1.10.3",
                "phpstan/phpstan-phpunit": "^1.0",
                "phpstan/phpstan-strict-rules": "^1.0.0",
                "phpunit/phpunit": "^9.5 || ^10.0 || ^11.0"
            },
            "type": "library",
            "autoload": {
                "psr-4": {
                    "pocketmine\\utils\\": "src/"
                }
            },
            "notification-url": "https://packagist.org/downloads/",
            "license": [
                "LGPL-3.0"
            ],
            "description": "Classes and methods for conveniently handling binary data",
            "support": {
                "issues": "https://github.com/pmmp/BinaryUtils/issues",
                "source": "https://github.com/pmmp/BinaryUtils/tree/0.2.6"
            },
            "time": "2024-03-04T15:04:17+00:00"
        },
        {
            "name": "pocketmine/callback-validator",
            "version": "1.0.3",
            "source": {
                "type": "git",
                "url": "https://github.com/pmmp/CallbackValidator.git",
                "reference": "64787469766bcaa7e5885242e85c23c25e8c55a2"
            },
            "dist": {
                "type": "zip",
                "url": "https://api.github.com/repos/pmmp/CallbackValidator/zipball/64787469766bcaa7e5885242e85c23c25e8c55a2",
                "reference": "64787469766bcaa7e5885242e85c23c25e8c55a2",
                "shasum": ""
            },
            "require": {
                "ext-reflection": "*",
                "php": "^7.1 || ^8.0"
            },
            "replace": {
                "daverandom/callback-validator": "*"
            },
            "require-dev": {
                "phpstan/extension-installer": "^1.0",
                "phpstan/phpstan": "0.12.59",
                "phpstan/phpstan-strict-rules": "^0.12.4",
                "phpunit/phpunit": "^7.5 || ^8.5 || ^9.0"
            },
            "type": "library",
            "autoload": {
                "psr-4": {
                    "DaveRandom\\CallbackValidator\\": "src/"
                }
            },
            "notification-url": "https://packagist.org/downloads/",
            "license": [
                "MIT"
            ],
            "authors": [
                {
                    "name": "Chris Wright",
                    "email": "cw@daverandom.com"
                }
            ],
            "description": "Fork of daverandom/callback-validator - Tools for validating callback signatures",
            "support": {
                "issues": "https://github.com/pmmp/CallbackValidator/issues",
                "source": "https://github.com/pmmp/CallbackValidator/tree/1.0.3"
            },
            "time": "2020-12-11T01:45:37+00:00"
        },
        {
            "name": "pocketmine/color",
            "version": "0.3.1",
            "source": {
                "type": "git",
                "url": "https://github.com/pmmp/Color.git",
                "reference": "a0421f1e9e0b0c619300fb92d593283378f6a5e1"
            },
            "dist": {
                "type": "zip",
                "url": "https://api.github.com/repos/pmmp/Color/zipball/a0421f1e9e0b0c619300fb92d593283378f6a5e1",
                "reference": "a0421f1e9e0b0c619300fb92d593283378f6a5e1",
                "shasum": ""
            },
            "require": {
                "php": "^8.0"
            },
            "require-dev": {
                "phpstan/phpstan": "1.10.3",
                "phpstan/phpstan-strict-rules": "^1.2.0"
            },
            "type": "library",
            "autoload": {
                "psr-4": {
                    "pocketmine\\color\\": "src/"
                }
            },
            "notification-url": "https://packagist.org/downloads/",
            "license": [
                "LGPL-3.0"
            ],
            "description": "Color handling library used by PocketMine-MP and related projects",
            "support": {
                "issues": "https://github.com/pmmp/Color/issues",
                "source": "https://github.com/pmmp/Color/tree/0.3.1"
            },
            "time": "2023-04-10T11:38:05+00:00"
        },
        {
            "name": "pocketmine/errorhandler",
            "version": "0.7.0",
            "source": {
                "type": "git",
                "url": "https://github.com/pmmp/ErrorHandler.git",
                "reference": "cae94884368a74ece5294b9ff7fef18732dcd921"
            },
            "dist": {
                "type": "zip",
                "url": "https://api.github.com/repos/pmmp/ErrorHandler/zipball/cae94884368a74ece5294b9ff7fef18732dcd921",
                "reference": "cae94884368a74ece5294b9ff7fef18732dcd921",
                "shasum": ""
            },
            "require": {
                "php": "^8.0"
            },
            "require-dev": {
                "phpstan/phpstan": "~1.10.3",
                "phpstan/phpstan-strict-rules": "^1.0",
                "phpunit/phpunit": "^9.5 || ^10.0 || ^11.0"
            },
            "type": "library",
            "autoload": {
                "psr-4": {
                    "pocketmine\\errorhandler\\": "src/"
                }
            },
            "notification-url": "https://packagist.org/downloads/",
            "license": [
                "LGPL-3.0"
            ],
            "description": "Utilities to handle nasty PHP E_* errors in a usable way",
            "support": {
                "issues": "https://github.com/pmmp/ErrorHandler/issues",
                "source": "https://github.com/pmmp/ErrorHandler/tree/0.7.0"
            },
            "time": "2024-04-02T18:29:54+00:00"
        },
        {
            "name": "pocketmine/log",
            "version": "0.4.0",
            "source": {
                "type": "git",
                "url": "https://github.com/pmmp/Log.git",
                "reference": "e6c912c0f9055c81d23108ec2d179b96f404c043"
            },
            "dist": {
                "type": "zip",
                "url": "https://api.github.com/repos/pmmp/Log/zipball/e6c912c0f9055c81d23108ec2d179b96f404c043",
                "reference": "e6c912c0f9055c81d23108ec2d179b96f404c043",
                "shasum": ""
            },
            "require": {
                "php": "^7.4 || ^8.0"
            },
            "conflict": {
                "pocketmine/spl": "<0.4"
            },
            "require-dev": {
                "phpstan/phpstan": "0.12.88",
                "phpstan/phpstan-strict-rules": "^0.12.2"
            },
            "type": "library",
            "autoload": {
                "classmap": [
                    "./src"
                ]
            },
            "notification-url": "https://packagist.org/downloads/",
            "license": [
                "LGPL-3.0"
            ],
            "description": "Logging components used by PocketMine-MP and related projects",
            "support": {
                "issues": "https://github.com/pmmp/Log/issues",
                "source": "https://github.com/pmmp/Log/tree/0.4.0"
            },
            "time": "2021-06-18T19:08:09+00:00"
        },
        {
            "name": "pocketmine/math",
            "version": "1.0.0",
            "source": {
                "type": "git",
                "url": "https://github.com/pmmp/Math.git",
                "reference": "dc132d93595b32e9f210d78b3c8d43c662a5edbf"
            },
            "dist": {
                "type": "zip",
                "url": "https://api.github.com/repos/pmmp/Math/zipball/dc132d93595b32e9f210d78b3c8d43c662a5edbf",
                "reference": "dc132d93595b32e9f210d78b3c8d43c662a5edbf",
                "shasum": ""
            },
            "require": {
                "php": "^8.0",
                "php-64bit": "*"
            },
            "require-dev": {
                "phpstan/extension-installer": "^1.0",
                "phpstan/phpstan": "~1.10.3",
                "phpstan/phpstan-strict-rules": "^1.0",
                "phpunit/phpunit": "^8.5 || ^9.5"
            },
            "type": "library",
            "autoload": {
                "psr-4": {
                    "pocketmine\\math\\": "src/"
                }
            },
            "notification-url": "https://packagist.org/downloads/",
            "license": [
                "LGPL-3.0"
            ],
            "description": "PHP library containing math related code used in PocketMine-MP",
            "support": {
                "issues": "https://github.com/pmmp/Math/issues",
                "source": "https://github.com/pmmp/Math/tree/1.0.0"
            },
            "time": "2023-08-03T12:56:33+00:00"
        },
        {
            "name": "pocketmine/nbt",
            "version": "1.2.0",
            "source": {
                "type": "git",
                "url": "https://github.com/pmmp/NBT.git",
                "reference": "51b8d6a97065fb93e0b4f660b65164b6e1ed2fff"
            },
            "dist": {
                "type": "zip",
                "url": "https://api.github.com/repos/pmmp/NBT/zipball/51b8d6a97065fb93e0b4f660b65164b6e1ed2fff",
                "reference": "51b8d6a97065fb93e0b4f660b65164b6e1ed2fff",
                "shasum": ""
            },
            "require": {
                "php": "^7.4 || ^8.0",
                "php-64bit": "*",
                "pocketmine/binaryutils": "^0.2.0"
            },
            "require-dev": {
                "phpstan/extension-installer": "^1.0",
                "phpstan/phpstan": "2.1.27",
                "phpstan/phpstan-phpunit": "^2.0",
                "phpstan/phpstan-strict-rules": "^2.0",
                "phpunit/phpunit": "^9.5"
            },
            "type": "library",
            "autoload": {
                "psr-4": {
                    "pocketmine\\nbt\\": "src/"
                }
            },
            "notification-url": "https://packagist.org/downloads/",
            "license": [
                "LGPL-3.0"
            ],
            "description": "PHP library for working with Named Binary Tags",
            "support": {
                "issues": "https://github.com/pmmp/NBT/issues",
                "source": "https://github.com/pmmp/NBT/tree/1.2.0"
            },
            "time": "2025-09-19T18:09:30+00:00"
        },
        {
            "name": "pocketmine/pocketmine-mp",
            "version": "5.37.1",
            "source": {
                "type": "git",
                "url": "https://github.com/pmmp/PocketMine-MP.git",
                "reference": "114556003835003a97c4f525e8ac3129721af139"
            },
            "dist": {
                "type": "zip",
                "url": "https://api.github.com/repos/pmmp/PocketMine-MP/zipball/114556003835003a97c4f525e8ac3129721af139",
                "reference": "114556003835003a97c4f525e8ac3129721af139",
                "shasum": ""
            },
            "require": {
                "adhocore/json-comment": "~1.2.0",
                "composer-runtime-api": "^2.0",
                "ext-chunkutils2": "^0.3.1",
                "ext-crypto": "^0.3.1",
                "ext-ctype": "*",
                "ext-curl": "*",
                "ext-date": "*",
                "ext-encoding": "~1.0.0",
                "ext-gmp": "*",
                "ext-hash": "*",
                "ext-igbinary": "^3.0.1",
                "ext-json": "*",
                "ext-leveldb": "^0.2.1 || ^0.3.0",
                "ext-mbstring": "*",
                "ext-morton": "^0.1.0",
                "ext-openssl": "*",
                "ext-pcre": "*",
                "ext-phar": "*",
                "ext-pmmpthread": "^6.1.0",
                "ext-reflection": "*",
                "ext-simplexml": "*",
                "ext-sockets": "*",
                "ext-spl": "*",
                "ext-yaml": ">=2.0.0",
                "ext-zip": "*",
                "ext-zlib": ">=1.2.11",
                "netresearch/jsonmapper": "~v5.0.0",
                "php": "^8.1",
                "php-64bit": "*",
                "pocketmine/bedrock-block-upgrade-schema": "~5.2.0+bedrock-1.21.110",
                "pocketmine/bedrock-data": "~6.2.0+bedrock-1.21.120",
                "pocketmine/bedrock-item-upgrade-schema": "~1.16.0+bedrock-1.21.110",
                "pocketmine/bedrock-protocol": "~53.1.0+bedrock-1.21.120",
                "pocketmine/binaryutils": "^0.2.1",
                "pocketmine/callback-validator": "^1.0.2",
                "pocketmine/color": "^0.3.0",
                "pocketmine/errorhandler": "^0.7.0",
                "pocketmine/log": "^0.4.0",
                "pocketmine/math": "~1.0.0",
                "pocketmine/nbt": "~1.2.0",
                "pocketmine/raklib": "~1.2.0",
                "pocketmine/raklib-ipc": "~1.0.0",
                "pocketmine/snooze": "^0.5.0",
                "ramsey/uuid": "~4.9.0",
                "symfony/filesystem": "~6.4.0"
            },
            "replace": {
                "symfony/polyfill-ctype": "*",
                "symfony/polyfill-mbstring": "*"
            },
            "require-dev": {
                "phpstan/phpstan": "2.1.31",
                "phpstan/phpstan-phpunit": "^2.0.0",
                "phpstan/phpstan-strict-rules": "^2.0.0",
                "phpunit/phpunit": "^10.5.24"
            },
            "type": "project",
            "autoload": {
                "files": [
                    "src/CoreConstants.php"
                ],
                "psr-4": {
                    "pocketmine\\": "src/"
                }
            },
            "notification-url": "https://packagist.org/downloads/",
            "license": [
                "LGPL-3.0"
            ],
            "description": "A server software for Minecraft: Bedrock Edition written in PHP",
            "homepage": "https://pmmp.io",
            "support": {
                "issues": "https://github.com/pmmp/PocketMine-MP/issues",
                "source": "https://github.com/pmmp/PocketMine-MP/tree/5.37.1"
            },
            "funding": [
                {
                    "url": "https://github.com/pmmp/PocketMine-MP#donate",
                    "type": "custom"
                },
                {
                    "url": "https://www.patreon.com/pocketminemp",
                    "type": "patreon"
                }
            ],
            "time": "2025-11-07T16:44:39+00:00"
        },
        {
            "name": "pocketmine/raklib",
            "version": "1.2.0",
            "source": {
                "type": "git",
                "url": "https://github.com/pmmp/RakLib.git",
                "reference": "a28d05216d34dbd00e8aed827a58df6b4c11510b"
            },
            "dist": {
                "type": "zip",
                "url": "https://api.github.com/repos/pmmp/RakLib/zipball/a28d05216d34dbd00e8aed827a58df6b4c11510b",
                "reference": "a28d05216d34dbd00e8aed827a58df6b4c11510b",
                "shasum": ""
            },
            "require": {
                "ext-sockets": "*",
                "php": "^8.1",
                "php-64bit": "*",
                "php-ipv6": "*",
                "pocketmine/binaryutils": "^0.2.0",
                "pocketmine/log": "^0.3.0 || ^0.4.0"
            },
            "require-dev": {
                "phpstan/phpstan": "2.1.0",
                "phpstan/phpstan-strict-rules": "^2.0"
            },
            "type": "library",
            "autoload": {
                "psr-4": {
                    "raklib\\": "src/"
                }
            },
            "notification-url": "https://packagist.org/downloads/",
            "license": [
                "GPL-3.0"
            ],
            "description": "A RakNet server implementation written in PHP",
            "support": {
                "issues": "https://github.com/pmmp/RakLib/issues",
                "source": "https://github.com/pmmp/RakLib/tree/1.2.0"
            },
            "time": "2025-06-08T17:36:06+00:00"
        },
        {
            "name": "pocketmine/raklib-ipc",
            "version": "1.0.1",
            "source": {
                "type": "git",
                "url": "https://github.com/pmmp/RakLibIpc.git",
                "reference": "ce632ef2c6743e71eddb5dc329c49af6555f90bc"
            },
            "dist": {
                "type": "zip",
                "url": "https://api.github.com/repos/pmmp/RakLibIpc/zipball/ce632ef2c6743e71eddb5dc329c49af6555f90bc",
                "reference": "ce632ef2c6743e71eddb5dc329c49af6555f90bc",
                "shasum": ""
            },
            "require": {
                "php": "^8.0",
                "php-64bit": "*",
                "pocketmine/binaryutils": "^0.2.0",
                "pocketmine/raklib": "^0.15.0 || ^1.0.0"
            },
            "require-dev": {
                "phpstan/phpstan": "1.10.1",
                "phpstan/phpstan-strict-rules": "^1.0.0"
            },
            "type": "library",
            "autoload": {
                "psr-4": {
                    "raklib\\server\\ipc\\": "src/"
                }
            },
            "notification-url": "https://packagist.org/downloads/",
            "license": [
                "GPL-3.0"
            ],
            "description": "Channel-based protocols for inter-thread/inter-process communication with RakLib",
            "support": {
                "issues": "https://github.com/pmmp/RakLibIpc/issues",
                "source": "https://github.com/pmmp/RakLibIpc/tree/1.0.1"
            },
            "time": "2024-03-01T15:55:05+00:00"
        },
        {
            "name": "pocketmine/snooze",
            "version": "0.5.0",
            "source": {
                "type": "git",
                "url": "https://github.com/pmmp/Snooze.git",
                "reference": "a86d9ee60ce44755d166d3c7ba4b8b8be8360915"
            },
            "dist": {
                "type": "zip",
                "url": "https://api.github.com/repos/pmmp/Snooze/zipball/a86d9ee60ce44755d166d3c7ba4b8b8be8360915",
                "reference": "a86d9ee60ce44755d166d3c7ba4b8b8be8360915",
                "shasum": ""
            },
            "require": {
                "ext-pmmpthread": "^6.0",
                "php-64bit": "^8.1"
            },
            "require-dev": {
                "phpstan/extension-installer": "^1.0",
                "phpstan/phpstan": "1.10.3",
                "phpstan/phpstan-strict-rules": "^1.0"
            },
            "type": "library",
            "autoload": {
                "psr-4": {
                    "pocketmine\\snooze\\": "src/"
                }
            },
            "notification-url": "https://packagist.org/downloads/",
            "license": [
                "LGPL-3.0"
            ],
            "description": "Thread notification management library for code using the pthreads extension",
            "support": {
                "issues": "https://github.com/pmmp/Snooze/issues",
                "source": "https://github.com/pmmp/Snooze/tree/0.5.0"
            },
            "time": "2023-05-22T23:43:01+00:00"
        },
        {
            "name": "ramsey/collection",
            "version": "2.1.1",
            "source": {
                "type": "git",
                "url": "https://github.com/ramsey/collection.git",
                "reference": "344572933ad0181accbf4ba763e85a0306a8c5e2"
            },
            "dist": {
                "type": "zip",
                "url": "https://api.github.com/repos/ramsey/collection/zipball/344572933ad0181accbf4ba763e85a0306a8c5e2",
                "reference": "344572933ad0181accbf4ba763e85a0306a8c5e2",
                "shasum": ""
            },
            "require": {
                "php": "^8.1"
            },
            "require-dev": {
                "captainhook/plugin-composer": "^5.3",
                "ergebnis/composer-normalize": "^2.45",
                "fakerphp/faker": "^1.24",
                "hamcrest/hamcrest-php": "^2.0",
                "jangregor/phpstan-prophecy": "^2.1",
                "mockery/mockery": "^1.6",
                "php-parallel-lint/php-console-highlighter": "^1.0",
                "php-parallel-lint/php-parallel-lint": "^1.4",
                "phpspec/prophecy-phpunit": "^2.3",
                "phpstan/extension-installer": "^1.4",
                "phpstan/phpstan": "^2.1",
                "phpstan/phpstan-mockery": "^2.0",
                "phpstan/phpstan-phpunit": "^2.0",
                "phpunit/phpunit": "^10.5",
                "ramsey/coding-standard": "^2.3",
                "ramsey/conventional-commits": "^1.6",
                "roave/security-advisories": "dev-latest"
            },
            "type": "library",
            "extra": {
                "captainhook": {
                    "force-install": true
                },
                "ramsey/conventional-commits": {
                    "configFile": "conventional-commits.json"
                }
            },
            "autoload": {
                "psr-4": {
                    "Ramsey\\Collection\\": "src/"
                }
            },
            "notification-url": "https://packagist.org/downloads/",
            "license": [
                "MIT"
            ],
            "authors": [
                {
                    "name": "Ben Ramsey",
                    "email": "ben@benramsey.com",
                    "homepage": "https://benramsey.com"
                }
            ],
            "description": "A PHP library for representing and manipulating collections.",
            "keywords": [
                "array",
                "collection",
                "hash",
                "map",
                "queue",
                "set"
            ],
            "support": {
                "issues": "https://github.com/ramsey/collection/issues",
                "source": "https://github.com/ramsey/collection/tree/2.1.1"
            },
            "time": "2025-03-22T05:38:12+00:00"
        },
        {
            "name": "ramsey/uuid",
            "version": "4.9.1",
            "source": {
                "type": "git",
                "url": "https://github.com/ramsey/uuid.git",
                "reference": "81f941f6f729b1e3ceea61d9d014f8b6c6800440"
            },
            "dist": {
                "type": "zip",
                "url": "https://api.github.com/repos/ramsey/uuid/zipball/81f941f6f729b1e3ceea61d9d014f8b6c6800440",
                "reference": "81f941f6f729b1e3ceea61d9d014f8b6c6800440",
                "shasum": ""
            },
            "require": {
                "brick/math": "^0.8.8 || ^0.9 || ^0.10 || ^0.11 || ^0.12 || ^0.13 || ^0.14",
                "php": "^8.0",
                "ramsey/collection": "^1.2 || ^2.0"
            },
            "replace": {
                "rhumsaa/uuid": "self.version"
            },
            "require-dev": {
                "captainhook/captainhook": "^5.25",
                "captainhook/plugin-composer": "^5.3",
                "dealerdirect/phpcodesniffer-composer-installer": "^1.0",
                "ergebnis/composer-normalize": "^2.47",
                "mockery/mockery": "^1.6",
                "paragonie/random-lib": "^2",
                "php-mock/php-mock": "^2.6",
                "php-mock/php-mock-mockery": "^1.5",
                "php-parallel-lint/php-parallel-lint": "^1.4.0",
                "phpbench/phpbench": "^1.2.14",
                "phpstan/extension-installer": "^1.4",
                "phpstan/phpstan": "^2.1",
                "phpstan/phpstan-mockery": "^2.0",
                "phpstan/phpstan-phpunit": "^2.0",
                "phpunit/phpunit": "^9.6",
                "slevomat/coding-standard": "^8.18",
                "squizlabs/php_codesniffer": "^3.13"
            },
            "suggest": {
                "ext-bcmath": "Enables faster math with arbitrary-precision integers using BCMath.",
                "ext-gmp": "Enables faster math with arbitrary-precision integers using GMP.",
                "ext-uuid": "Enables the use of PeclUuidTimeGenerator and PeclUuidRandomGenerator.",
                "paragonie/random-lib": "Provides RandomLib for use with the RandomLibAdapter",
                "ramsey/uuid-doctrine": "Allows the use of Ramsey\\Uuid\\Uuid as Doctrine field type."
            },
            "type": "library",
            "extra": {
                "captainhook": {
                    "force-install": true
                }
            },
            "autoload": {
                "files": [
                    "src/functions.php"
                ],
                "psr-4": {
                    "Ramsey\\Uuid\\": "src/"
                }
            },
            "notification-url": "https://packagist.org/downloads/",
            "license": [
                "MIT"
            ],
            "description": "A PHP library for generating and working with universally unique identifiers (UUIDs).",
            "keywords": [
                "guid",
                "identifier",
                "uuid"
            ],
            "support": {
                "issues": "https://github.com/ramsey/uuid/issues",
                "source": "https://github.com/ramsey/uuid/tree/4.9.1"
            },
            "time": "2025-09-04T20:59:21+00:00"
        },
        {
            "name": "sof3/await-generator",
            "version": "3.6.1",
            "source": {
                "type": "git",
                "url": "https://github.com/SOF3/await-generator.git",
                "reference": "90f4dda776eaf9bcb4693599c61c42e4c584a73f"
            },
            "dist": {
                "type": "zip",
                "url": "https://api.github.com/repos/SOF3/await-generator/zipball/90f4dda776eaf9bcb4693599c61c42e4c584a73f",
                "reference": "90f4dda776eaf9bcb4693599c61c42e4c584a73f",
                "shasum": ""
            },
            "require": {
                "ext-bcmath": "*",
                "php": "^8.0"
            },
            "require-dev": {
                "composer/package-versions-deprecated": "1.11.99.1",
                "infection/infection": "^0.18.2 || ^0.20.2 || ^0.26.0",
                "phpstan/phpstan": "^0.12.84",
                "phpunit/phpunit": "^9"
            },
            "type": "library",
            "extra": {
                "virion": {
                    "spec": "3.0",
                    "namespace-root": "SOFe\\AwaitGenerator"
                }
            },
            "autoload": {
                "psr-0": {
                    "SOFe\\AwaitGenerator\\": "await-generator/src/"
                }
            },
            "notification-url": "https://packagist.org/downloads/",
            "license": [
                "apache-2.0"
            ],
            "authors": [
                {
                    "name": "SOFe",
                    "email": "sofe2038@gmail.com"
                }
            ],
            "description": "Use async/await in PHP using generators",
            "support": {
                "issues": "https://github.com/SOF3/await-generator/issues",
                "source": "https://github.com/SOF3/await-generator/tree/3.6.1"
            },
            "time": "2023-07-27T09:45:08+00:00"
        },
        {
            "name": "sof3/libasynql",
            "version": "4.2.3",
            "source": {
                "type": "git",
                "url": "https://github.com/poggit/libasynql.git",
                "reference": "270f8ae93e3271206eadd42ca81862ab9a54f322"
            },
            "dist": {
                "type": "zip",
                "url": "https://api.github.com/repos/poggit/libasynql/zipball/270f8ae93e3271206eadd42ca81862ab9a54f322",
                "reference": "270f8ae93e3271206eadd42ca81862ab9a54f322",
                "shasum": ""
            },
            "require": {
                "pocketmine/pocketmine-mp": "^5.0.0-BETA4",
                "sof3/await-generator": "^2.0.0 || ^3.0.0"
            },
            "bin": [
                "libasynql/cli/def.php",
                "libasynql/cli/fx.php"
            ],
            "type": "library",
            "extra": {
                "virion": {
                    "spec": "3.0",
                    "namespace-root": "poggit\\libasynql"
                }
            },
            "autoload": {
                "psr-0": {
                    "poggit\\libasynql\\": "libasynql/src/"
                }
            },
            "notification-url": "https://packagist.org/downloads/",
            "license": [
                "Apache-2.0"
            ],
            "authors": [
                {
                    "name": "SOFe",
                    "email": "sofe2038@gmail.com"
                }
            ],
            "support": {
                "issues": "https://github.com/poggit/libasynql/issues",
                "source": "https://github.com/poggit/libasynql/tree/4.2.3"
            },
            "time": "2024-04-28T03:17:16+00:00"
        },
        {
            "name": "symfony/filesystem",
            "version": "v6.4.24",
            "source": {
                "type": "git",
                "url": "https://github.com/symfony/filesystem.git",
                "reference": "75ae2edb7cdcc0c53766c30b0a2512b8df574bd8"
            },
            "dist": {
                "type": "zip",
                "url": "https://api.github.com/repos/symfony/filesystem/zipball/75ae2edb7cdcc0c53766c30b0a2512b8df574bd8",
                "reference": "75ae2edb7cdcc0c53766c30b0a2512b8df574bd8",
                "shasum": ""
            },
            "require": {
                "php": ">=8.1",
                "symfony/polyfill-ctype": "~1.8",
                "symfony/polyfill-mbstring": "~1.8"
            },
            "require-dev": {
                "symfony/process": "^5.4|^6.4|^7.0"
            },
            "type": "library",
            "autoload": {
                "psr-4": {
                    "Symfony\\Component\\Filesystem\\": ""
                },
                "exclude-from-classmap": [
                    "/Tests/"
                ]
            },
            "notification-url": "https://packagist.org/downloads/",
            "license": [
                "MIT"
            ],
            "authors": [
                {
                    "name": "Fabien Potencier",
                    "email": "fabien@symfony.com"
                },
                {
                    "name": "Symfony Community",
                    "homepage": "https://symfony.com/contributors"
                }
            ],
            "description": "Provides basic utilities for the filesystem",
            "homepage": "https://symfony.com",
            "support": {
                "source": "https://github.com/symfony/filesystem/tree/v6.4.24"
            },
            "funding": [
                {
                    "url": "https://symfony.com/sponsor",
                    "type": "custom"
                },
                {
                    "url": "https://github.com/fabpot",
                    "type": "github"
                },
                {
                    "url": "https://github.com/nicolas-grekas",
                    "type": "github"
                },
                {
                    "url": "https://tidelift.com/funding/github/packagist/symfony/symfony",
                    "type": "tidelift"
                }
            ],
            "time": "2025-07-10T08:14:14+00:00"
        }
    ],
    "packages-dev": [
        {
            "name": "phpstan/phpstan",
            "version": "2.1.31",
            "dist": {
                "type": "zip",
                "url": "https://api.github.com/repos/phpstan/phpstan/zipball/ead89849d879fe203ce9292c6ef5e7e76f867b96",
                "reference": "ead89849d879fe203ce9292c6ef5e7e76f867b96",
                "shasum": ""
            },
            "require": {
                "php": "^7.4|^8.0"
            },
            "conflict": {
                "phpstan/phpstan-shim": "*"
            },
            "bin": [
                "phpstan",
                "phpstan.phar"
            ],
            "type": "library",
            "autoload": {
                "files": [
                    "bootstrap.php"
                ]
            },
            "notification-url": "https://packagist.org/downloads/",
            "license": [
                "MIT"
            ],
            "description": "PHPStan - PHP Static Analysis Tool",
            "keywords": [
                "dev",
                "static analysis"
            ],
            "support": {
                "docs": "https://phpstan.org/user-guide/getting-started",
                "forum": "https://github.com/phpstan/phpstan/discussions",
                "issues": "https://github.com/phpstan/phpstan/issues",
                "security": "https://github.com/phpstan/phpstan/security/policy",
                "source": "https://github.com/phpstan/phpstan-src"
            },
            "funding": [
                {
                    "url": "https://github.com/ondrejmirtes",
                    "type": "github"
                },
                {
                    "url": "https://github.com/phpstan",
                    "type": "github"
                }
            ],
            "time": "2025-10-10T14:14:11+00:00"
        }
    ],
    "aliases": [],
    "minimum-stability": "stable",
    "stability-flags": {},
    "prefer-stable": false,
    "prefer-lowest": false,
    "platform": {},
    "platform-dev": {},
    "plugin-api-version": "2.9.0"
}
